{
  "requires": true,
  "lockfileVersion": 1,
  "dependencies": {
    "react-bootstrap-theme-switcher": {
      "version": "1.0.7",
      "resolved": "https://registry.npmjs.org/react-bootstrap-theme-switcher/-/react-bootstrap-theme-switcher-1.0.7.tgz",
      "integrity": "sha1-CprTOdZ8cNipKLiiBTWUBqmfH14="
    }
  }
}
